# THIS IS AN AUTOGENERATED FILE. DO NOT EDIT THIS FILE DIRECTLY.
# yarn lockfile v1


"actiontext@https://github.com/kobaltz/actiontext":
  version "0.1.0"
  resolved "https://github.com/kobaltz/actiontext#ef59c4ba99d1b7614dd47f5a294eef553224db88"
  dependencies:
    activestorage ">=5.2.0"
    trix ">=1.0.0"

activestorage@>=5.2.0:
  version "5.2.3"
  resolved "https://registry.yarnpkg.com/activestorage/-/activestorage-5.2.3.tgz#04df0a194d15f7a04abbba313f584fbea2c5a66f"
  integrity sha512-B0PHne9Bvpsapw1WqPZF8YafdN5pohOAUgR5ZGSijBOJKDGb+IJ6ib8Js9mfWNCmuCPCrCzHca/mJ2wD7UBJxA==
  dependencies:
    spark-md5 "^3.0.0"

spark-md5@^3.0.0:
  version "3.0.0"
  resolved "https://registry.yarnpkg.com/spark-md5/-/spark-md5-3.0.0.tgz#3722227c54e2faf24b1dc6d933cc144e6f71bfef"
  integrity sha1-NyIifFTi+vJLHcbZM8wUTm9xv+8=

trix@>=1.0.0:
  version "1.1.0"
  resolved "https://registry.yarnpkg.com/trix/-/trix-1.1.0.tgz#8286149128f032d6d6df17fc8dcd2ee2aed5e7de"
  integrity sha512-FKqrxRdCOzdq+mKJeZC9Mio02T0gZipOo64Aw4uytWhI7+OH8n41iooT0UL9s0vbppm4HN/1B5Ns2rGCo4iNZA==
